
Microsoft Visual Studio Solution File, Format Version 12.00
# Visual Studio Version 16
VisualStudioVersion = 16.0.30611.23
MinimumVisualStudioVersion = 10.0.40219.1
Project("{FAE04EC0-301F-11D3-BF4B-00C04F79EFBC}") = "Shop", "Shop\Shop.csproj", "{B5848316-5D8B-4B97-A767-A865A24F27BB}"
EndProject
Global
	GlobalSection(SolutionConfigurationPlatforms) = preSolution
		Debug|Any CPU = Debug|Any CPU
		Release|Any CPU = Release|Any CPU
	EndGlobalSection
	GlobalSection(ProjectConfigurationPlatforms) = postSolution
		{B5848316-5D8B-4B97-A767-A865A24F27BB}.Debug|Any CPU.ActiveCfg = Debug|Any CPU
		{B5848316-5D8B-4B97-A767-A865A24F27BB}.Debug|Any CPU.Build.0 = Debug|Any CPU
		{B5848316-5D8B-4B97-A767-A865A24F27BB}.Release|Any CPU.ActiveCfg = Release|Any CPU
		{B5848316-5D8B-4B97-A767-A865A24F27BB}.Release|Any CPU.Build.0 = Release|Any CPU
	EndGlobalSection
	GlobalSection(SolutionProperties) = preSolution
		HideSolutionNode = FALSE
	EndGlobalSection
	GlobalSection(ExtensibilityGlobals) = postSolution
		SolutionGuid = {9660150B-BD1D-4F28-80E2-4DEAE3845B9C}
	EndGlobalSection
EndGlobal
